{
  "name": "sherman-chatgpt-gateway",
  "version": "1.0.0",
  "lockfileVersion": 3,
  "requires": true,
  "packages": {
    "": {
      "name": "sherman-chatgpt-gateway",
      "version": "1.0.0",
      "dependencies": {
        "@opencoredev/loginwithchatgpt-server": "^0.2.0"
      },
      "engines": {
        "node": ">=22"
      }
    },
    "node_modules/@opencoredev/loginwithchatgpt-core": {
      "version": "0.2.0",
      "resolved": "https://registry.npmjs.org/@opencoredev/loginwithchatgpt-core/-/loginwithchatgpt-core-0.2.0.tgz",
      "integrity": "sha512-PRzUWEYJepxkcYVvk/Uc7bc8YfUr50PWqNMjfNs/AZOF6/H73QykzFhjZJIG5cphIKrNdjOmvofuy25cH1F8ow==",
      "license": "MIT",
      "engines": {
        "node": ">=18"
      }
    },
    "node_modules/@opencoredev/loginwithchatgpt-server": {
      "version": "0.2.0",
      "resolved": "https://registry.npmjs.org/@opencoredev/loginwithchatgpt-server/-/loginwithchatgpt-server-0.2.0.tgz",
      "integrity": "sha512-G9TcnBNAbaI8wVoLJIWi5DryinwnpYtfy/RnWcMv6o94oHn5sIgyHESFFdn7fSCt6Sl2Vo9QRLalNfRgkuBJQQ==",
      "license": "MIT",
      "dependencies": {
        "@opencoredev/loginwithchatgpt-core": "^0.2.0"
      },
      "engines": {
        "node": ">=18"
      }
    }
  }
}
